
Microsoft Visual Studio Solution File, Format Version 12.00
# Visual Studio Version 17
VisualStudioVersion = 17.9.34622.214
MinimumVisualStudioVersion = 10.0.40219.1
Project("{FAE04EC0-301F-11D3-BF4B-00C04F79EFBC}") = "CMS-SDAM", "CMS-SDAM\CMS-SDAM.csproj", "{77478245-4D67-4902-A6EE-2B8E40EC692F}"
EndProject
Global
	GlobalSection(SolutionConfigurationPlatforms) = preSolution
		Debug|Any CPU = Debug|Any CPU
		Release|Any CPU = Release|Any CPU
	EndGlobalSection
	GlobalSection(ProjectConfigurationPlatforms) = postSolution
		{77478245-4D67-4902-A6EE-2B8E40EC692F}.Debug|Any CPU.ActiveCfg = Debug|Any CPU
		{77478245-4D67-4902-A6EE-2B8E40EC692F}.Debug|Any CPU.Build.0 = Debug|Any CPU
		{77478245-4D67-4902-A6EE-2B8E40EC692F}.Release|Any CPU.ActiveCfg = Release|Any CPU
		{77478245-4D67-4902-A6EE-2B8E40EC692F}.Release|Any CPU.Build.0 = Release|Any CPU
	EndGlobalSection
	GlobalSection(SolutionProperties) = preSolution
		HideSolutionNode = FALSE
	EndGlobalSection
	GlobalSection(ExtensibilityGlobals) = postSolution
		SolutionGuid = {91C700F5-08E7-456D-9D22-44A08743F0FA}
	EndGlobalSection
EndGlobal
